// !$*UTF8*$!
{
	archiveVersion = 1;
	classes = {
	};
	objectVersion = 46;
	objects = {

/* Begin PBXBuildFile section */
		ECF12A861E8E633100B20DF5 /* main.m in Sources */ = {isa = PBXBuildFile; fileRef = ECF12A851E8E633100B20DF5 /* main.m */; };
		ECF12A891E8E633100B20DF5 /* AppDelegate.m in Sources */ = {isa = PBXBuildFile; fileRef = ECF12A881E8E633100B20DF5 /* AppDelegate.m */; };
		ECF12A8C1E8E633100B20DF5 /* ViewController.m in Sources */ = {isa = PBXBuildFile; fileRef = ECF12A8B1E8E633100B20DF5 /* ViewController.m */; };
		ECF12A8F1E8E633100B20DF5 /* Main.storyboard in Resources */ = {isa = PBXBuildFile; fileRef = ECF12A8D1E8E633100B20DF5 /* Main.storyboard */; };
		ECF12A911E8E633100B20DF5 /* Assets.xcassets in Resources */ = {isa = PBXBuildFile; fileRef = ECF12A901E8E633100B20DF5 /* Assets.xcassets */; };
		ECF12A941E8E633100B20DF5 /* LaunchScreen.storyboard in Resources */ = {isa = PBXBuildFile; fileRef = ECF12A921E8E633100B20DF5 /* LaunchScreen.storyboard */; };
		ECF12A9D1E8E635800B20DF5 /* NSArray+GHArrayQuerry.m in Sources */ = {isa = PBXBuildFile; fileRef = ECF12A9C1E8E635800B20DF5 /* NSArray+GHArrayQuerry.m */; };
/* End PBXBuildFile section */

/* Begin PBXFileReference section */
		ECF12A811E8E633100B20DF5 /* GHArrayQuerry.app */ = {isa = PBXFileReference; explicitFileType = wrapper.application; includeInIndex = 0; path = GHArrayQuerry.app; sourceTree = BUILT_PRODUCTS_DIR; };
		ECF12A851E8E633100B20DF5 /* main.m */ = {isa = PBXFileReference; lastKnownFileType = sourcecode.c.objc; path = main.m; sourceTree = "<group>"; };
		ECF12A871E8E633100B20DF5 /* AppDelegate.h */ = {isa = PBXFileReference; lastKnownFileType = sourcecode.c.h; path = AppDelegate.h; sourceTree = "<group>"; };
		ECF12A881E8E633100B20DF5 /* AppDelegate.m */ = {isa = PBXFileReference; lastKnownFileType = sourcecode.c.objc; path = AppDelegate.m; sourceTree = "<group>"; };
		ECF12A8A1E8E633100B20DF5 /* ViewController.h */ = {isa = PBXFileReference; lastKnownFileType = sourcecode.c.h; path = ViewController.h; sourceTree = "<group>"; };
		ECF12A8B1E8E633100B20DF5 /* ViewController.m */ = {isa = PBXFileReference; lastKnownFileType = sourcecode.c.objc; path = ViewController.m; sourceTree = "<group>"; };
		ECF12A8E1E8E633100B20DF5 /* Base */ = {isa = PBXFileReference; lastKnownFileType = file.storyboard; name = Base; path = Base.lproj/Main.storyboard; sourceTree = "<group>"; };
		ECF12A901E8E633100B20DF5 /* Assets.xcassets */ = {isa = PBXFileReference; lastKnownFileType = folder.assetcatalog; path = Assets.xcassets; sourceTree = "<group>"; };
		ECF12A931E8E633100B20DF5 /* Base */ = {isa = PBXFileReference; lastKnownFileType = file.storyboard; name = Base; path = Base.lproj/LaunchScreen.storyboard; sourceTree = "<group>"; };
		ECF12A951E8E633100B20DF5 /* Info.plist */ = {isa = PBXFileReference; lastKnownFileType = text.plist.xml; path = Info.plist; sourceTree = "<group>"; };
		ECF12A9B1E8E635800B20DF5 /* NSArray+GHArrayQuerry.h */ = {isa = PBXFileReference; fileEncoding = 4; lastKnownFileType = sourcecode.c.h; path = "NSArray+GHArrayQuerry.h"; sourceTree = "<group>"; };
		ECF12A9C1E8E635800B20DF5 /* NSArray+GHArrayQuerry.m */ = {isa = PBXFileReference; fileEncoding = 4; lastKnownFileType = sourcecode.c.objc; path = "NSArray+GHArrayQuerry.m"; sourceTree = "<group>"; };
		ECF12A9E1E8E763100B20DF5 /* GHBaseMacro.h */ = {isa = PBXFileReference; fileEncoding = 4; lastKnownFileType = sourcecode.c.h; path = GHBaseMacro.h; sourceTree = "<group>"; };
		ECF12AA11E8E78B600B20DF5 /* RACmetamacros.h */ = {isa = PBXFileReference; lastKnownFileType = sourcecode.c.h; path = RACmetamacros.h; sourceTree = "<group>"; };
/* End PBXFileReference section */

/* Begin PBXFrameworksBuildPhase section */
		ECF12A7E1E8E633100B20DF5 /* Frameworks */ = {
			isa = PBXFrameworksBuildPhase;
			buildActionMask = 2147483647;
			files = (
			);
			runOnlyForDeploymentPostprocessing = 0;
		};
/* End PBXFrameworksBuildPhase section */

/* Begin PBXGroup section */
		ECF12A781E8E633100B20DF5 = {
			isa = PBXGroup;
			children = (
				ECF12A831E8E633100B20DF5 /* GHArrayQuerry */,
				ECF12A821E8E633100B20DF5 /* Products */,
			);
			sourceTree = "<group>";
		};
		ECF12A821E8E633100B20DF5 /* Products */ = {
			isa = PBXGroup;
			children = (
				ECF12A811E8E633100B20DF5 /* GHArrayQuerry.app */,
			);
			name = Products;
			sourceTree = "<group>";
		};
		ECF12A831E8E633100B20DF5 /* GHArrayQuerry */ = {
			isa = PBXGroup;
			children = (
				ECF12AA11E8E78B600B20DF5 /* RACmetamacros.h */,
				ECF12A871E8E633100B20DF5 /* AppDelegate.h */,
				ECF12A881E8E633100B20DF5 /* AppDelegate.m */,
				ECF12A8A1E8E633100B20DF5 /* ViewController.h */,
				ECF12A8B1E8E633100B20DF5 /* ViewController.m */,
				ECF12A9B1E8E635800B20DF5 /* NSArray+GHArrayQuerry.h */,
				ECF12A9C1E8E635800B20DF5 /* NSArray+GHArrayQuerry.m */,
				ECF12A9E1E8E763100B20DF5 /* GHBaseMacro.h */,
				ECF12A8D1E8E633100B20DF5 /* Main.storyboard */,
				ECF12A901E8E633100B20DF5 /* Assets.xcassets */,
				ECF12A921E8E633100B20DF5 /* LaunchScreen.storyboard */,
				ECF12A951E8E633100B20DF5 /* Info.plist */,
				ECF12A841E8E633100B20DF5 /* Supporting Files */,
			);
			path = GHArrayQuerry;
			sourceTree = "<group>";
		};
		ECF12A841E8E633100B20DF5 /* Supporting Files */ = {
			isa = PBXGroup;
			children = (
				ECF12A851E8E633100B20DF5 /* main.m */,
			);
			name = "Supporting Files";
			sourceTree = "<group>";
		};
/* End PBXGroup section */

/* Begin PBXNativeTarget section */
		ECF12A801E8E633100B20DF5 /* GHArrayQuerry */ = {
			isa = PBXNativeTarget;
			buildConfigurationList = ECF12A981E8E633100B20DF5 /* Build configuration list for PBXNativeTarget "GHArrayQuerry" */;
			buildPhases = (
				ECF12A7D1E8E633100B20DF5 /* Sources */,
				ECF12A7E1E8E633100B20DF5 /* Frameworks */,
				ECF12A7F1E8E633100B20DF5 /* Resources */,
			);
			buildRules = (
			);
			dependencies = (
			);
			name = GHArrayQuerry;
			productName = GHArrayQuerry;
			productReference = ECF12A811E8E633100B20DF5 /* GHArrayQuerry.app */;
			productType = "com.apple.product-type.application";
		};
/* End PBXNativeTarget section */

/* Begin PBXProject section */
		ECF12A791E8E633100B20DF5 /* Project object */ = {
			isa = PBXProject;
			attributes = {
				LastUpgradeCheck = 0820;
				ORGANIZATIONNAME = ApesStudio;
				TargetAttributes = {
					ECF12A801E8E633100B20DF5 = {
						CreatedOnToolsVersion = 8.2;
						ProvisioningStyle = Automatic;
					};
				};
			};
			buildConfigurationList = ECF12A7C1E8E633100B20DF5 /* Build configuration list for PBXProject "GHArrayQuerry" */;
			compatibilityVersion = "Xcode 3.2";
			developmentRegion = English;
			hasScannedForEncodings = 0;
			knownRegions = (
				en,
				Base,
			);
			mainGroup = ECF12A781E8E633100B20DF5;
			productRefGroup = ECF12A821E8E633100B20DF5 /* Products */;
			projectDirPath = "";
			projectRoot = "";
			targets = (
				ECF12A801E8E633100B20DF5 /* GHArrayQuerry */,
			);
		};
/* End PBXProject section */

/* Begin PBXResourcesBuildPhase section */
		ECF12A7F1E8E633100B20DF5 /* Resources */ = {
			isa = PBXResourcesBuildPhase;
			buildActionMask = 2147483647;
			files = (
				ECF12A941E8E633100B20DF5 /* LaunchScreen.storyboard in Resources */,
				ECF12A911E8E633100B20DF5 /* Assets.xcassets in Resources */,
				ECF12A8F1E8E633100B20DF5 /* Main.storyboard in Resources */,
			);
			runOnlyForDeploymentPostprocessing = 0;
		};
/* End PBXResourcesBuildPhase section */

/* Begin PBXSourcesBuildPhase section */
		ECF12A7D1E8E633100B20DF5 /* Sources */ = {
			isa = PBXSourcesBuildPhase;
			buildActionMask = 2147483647;
			files = (
				ECF12A8C1E8E633100B20DF5 /* ViewController.m in Sources */,
				ECF12A891E8E633100B20DF5 /* AppDelegate.m in Sources */,
				ECF12A861E8E633100B20DF5 /* main.m in Sources */,
				ECF12A9D1E8E635800B20DF5 /* NSArray+GHArrayQuerry.m in Sources */,
			);
			runOnlyForDeploymentPostprocessing = 0;
		};
/* End PBXSourcesBuildPhase section */

/* Begin PBXVariantGroup section */
		ECF12A8D1E8E633100B20DF5 /* Main.storyboard */ = {
			isa = PBXVariantGroup;
			children = (
				ECF12A8E1E8E633100B20DF5 /* Base */,
			);
			name = Main.storyboard;
			sourceTree = "<group>";
		};
		ECF12A921E8E633100B20DF5 /* LaunchScreen.storyboard */ = {
			isa = PBXVariantGroup;
			children = (
				ECF12A931E8E633100B20DF5 /* Base */,
			);
			name = LaunchScreen.storyboard;
			sourceTree = "<group>";
		};
/* End PBXVariantGroup section */

/* Begin XCBuildConfiguration section */
		ECF12A961E8E633100B20DF5 /* Debug */ = {
			isa = XCBuildConfiguration;
			buildSettings = {
				ALWAYS_SEARCH_USER_PATHS = NO;
				CLANG_ANALYZER_NONNULL = YES;
				CLANG_CXX_LANGUAGE_STANDARD = "gnu++0x";
				CLANG_CXX_LIBRARY = "libc++";
				CLANG_ENABLE_MODULES = YES;
				CLANG_ENABLE_OBJC_ARC = YES;
				CLANG_WARN_BOOL_CONVERSION = YES;
				CLANG_WARN_CONSTANT_CONVERSION = YES;
				CLANG_WARN_DIRECT_OBJC_ISA_USAGE = YES_ERROR;
				CLANG_WARN_DOCUMENTATION_COMMENTS = YES;
				CLANG_WARN_EMPTY_BODY = YES;
				CLANG_WARN_ENUM_CONVERSION = YES;
				CLANG_WARN_INFINITE_RECURSION = YES;
				CLANG_WARN_INT_CONVERSION = YES;
				CLANG_WARN_OBJC_ROOT_CLASS = YES_ERROR;
				CLANG_WARN_SUSPICIOUS_MOVE = YES;
				CLANG_WARN_UNREACHABLE_CODE = YES;
				CLANG_WARN__DUPLICATE_METHOD_MATCH = YES;
				"CODE_SIGN_IDENTITY[sdk=iphoneos*]" = "iPhone Developer";
				COPY_PHASE_STRIP = NO;
				DEBUG_INFORMATION_FORMAT = dwarf;
				ENABLE_STRICT_OBJC_MSGSEND = YES;
				ENABLE_TESTABILITY = YES;
				GCC_C_LANGUAGE_STANDARD = gnu99;
				GCC_DYNAMIC_NO_PIC = NO;
				GCC_NO_COMMON_BLOCKS = YES;
				GCC_OPTIMIZATION_LEVEL = 0;
				GCC_PREPROCESSOR_DEFINITIONS = (
					"DEBUG=1",
					"$(inherited)",
				);
				GCC_WARN_64_TO_32_BIT_CONVERSION = YES;
				GCC_WARN_ABOUT_RETURN_TYPE = YES_ERROR;
				GCC_WARN_UNDECLARED_SELECTOR = YES;
				GCC_WARN_UNINITIALIZED_AUTOS = YES_AGGRESSIVE;
				GCC_WARN_UNUSED_FUNCTION = YES;
				GCC_WARN_UNUSED_VARIABLE = YES;
				IPHONEOS_DEPLOYMENT_TARGET = 10.2;
				MTL_ENABLE_DEBUG_INFO = YES;
				ONLY_ACTIVE_ARCH = YES;
				SDKROOT = iphoneos;
				TARGETED_DEVICE_FAMILY = "1,2";
			};
			name = Debug;
		};
		ECF12A971E8E633100B20DF5 /* Release */ = {
			isa = XCBuildConfiguration;
			buildSettings = {
				ALWAYS_SEARCH_USER_PATHS = NO;
				CLANG_ANALYZER_NONNULL = YES;
				CLANG_CXX_LANGUAGE_STANDARD = "gnu++0x";
				CLANG_CXX_LIBRARY = "libc++";
				CLANG_ENABLE_MODULES = YES;
				CLANG_ENABLE_OBJC_ARC = YES;
				CLANG_WARN_BOOL_CONVERSION = YES;
				CLANG_WARN_CONSTANT_CONVERSION = YES;
				CLANG_WARN_DIRECT_OBJC_ISA_USAGE = YES_ERROR;
				CLANG_WARN_DOCUMENTATION_COMMENTS = YES;
				CLANG_WARN_EMPTY_BODY = YES;
				CLANG_WARN_ENUM_CONVERSION = YES;
				CLANG_WARN_INFINITE_RECURSION = YES;
				CLANG_WARN_INT_CONVERSION = YES;
				CLANG_WARN_OBJC_ROOT_CLASS = YES_ERROR;
				CLANG_WARN_SUSPICIOUS_MOVE = YES;
				CLANG_WARN_UNREACHABLE_CODE = YES;
				CLANG_WARN__DUPLICATE_METHOD_MATCH = YES;
				"CODE_SIGN_IDENTITY[sdk=iphoneos*]" = "iPhone Developer";
				COPY_PHASE_STRIP = NO;
				DEBUG_INFORMATION_FORMAT = "dwarf-with-dsym";
				ENABLE_NS_ASSERTIONS = NO;
				ENABLE_STRICT_OBJC_MSGSEND = YES;
				GCC_C_LANGUAGE_STANDARD = gnu99;
				GCC_NO_COMMON_BLOCKS = YES;
				GCC_WARN_64_TO_32_BIT_CONVERSION = YES;
				GCC_WARN_ABOUT_RETURN_TYPE = YES_ERROR;
				GCC_WARN_UNDECLARED_SELECTOR = YES;
				GCC_WARN_UNINITIALIZED_AUTOS = YES_AGGRESSIVE;
				GCC_WARN_UNUSED_FUNCTION = YES;
				GCC_WARN_UNUSED_VARIABLE = YES;
				IPHONEOS_DEPLOYMENT_TARGET = 10.2;
				MTL_ENABLE_DEBUG_INFO = NO;
				SDKROOT = iphoneos;
				TARGETED_DEVICE_FAMILY = "1,2";
				VALIDATE_PRODUCT = YES;
			};
			name = Release;
		};
		ECF12A991E8E633100B20DF5 /* Debug */ = {
			isa = XCBuildConfiguration;
			buildSettings = {
				ASSETCATALOG_COMPILER_APPICON_NAME = AppIcon;
				INFOPLIST_FILE = GHArrayQuerry/Info.plist;
				LD_RUNPATH_SEARCH_PATHS = "$(inherited) @executable_path/Frameworks";
				PRODUCT_BUNDLE_IDENTIFIER = com.apesstudio.GHArrayQuerry;
				PRODUCT_NAME = "$(TARGET_NAME)";
			};
			name = Debug;
		};
		ECF12A9A1E8E633100B20DF5 /* Release */ = {
			isa = XCBuildConfiguration;
			buildSettings = {
				ASSETCATALOG_COMPILER_APPICON_NAME = AppIcon;
				INFOPLIST_FILE = GHArrayQuerry/Info.plist;
				LD_RUNPATH_SEARCH_PATHS = "$(inherited) @executable_path/Frameworks";
				PRODUCT_BUNDLE_IDENTIFIER = com.apesstudio.GHArrayQuerry;
				PRODUCT_NAME = "$(TARGET_NAME)";
			};
			name = Release;
		};
/* End XCBuildConfiguration section */

/* Begin XCConfigurationList section */
		ECF12A7C1E8E633100B20DF5 /* Build configuration list for PBXProject "GHArrayQuerry" */ = {
			isa = XCConfigurationList;
			buildConfigurations = (
				ECF12A961E8E633100B20DF5 /* Debug */,
				ECF12A971E8E633100B20DF5 /* Release */,
			);
			defaultConfigurationIsVisible = 0;
			defaultConfigurationName = Release;
		};
		ECF12A981E8E633100B20DF5 /* Build configuration list for PBXNativeTarget "GHArrayQuerry" */ = {
			isa = XCConfigurationList;
			buildConfigurations = (
				ECF12A991E8E633100B20DF5 /* Debug */,
				ECF12A9A1E8E633100B20DF5 /* Release */,
			);
			defaultConfigurationIsVisible = 0;
		};
/* End XCConfigurationList section */
	};
	rootObject = ECF12A791E8E633100B20DF5 /* Project object */;
}
